dependencies:
- name: eirini
  repository: http://opensource.suse.com/eirini-release/
  version: 1.0.2
- name: bits
  repository: http://opensource.suse.com/bits-service-release/
  version: 1.0.14
- name: eirini-extensions
  repository: https://cloudfoundry-incubator.github.io/eirinix-helm-release/
  version: 0.0.0-9+g6b37279
digest: sha256:4e4bff556d3fd0850246efed284b49a6d822ca3606e4c5f2d62c61e978832546
generated: "2020-08-12T10:00:05.418828295-07:00"
