dependencies:
- name: eirini
  repository: https://cloudfoundry-incubator.github.io/eirini-release
  version: 1.4.0
- name: bits
  repository: https://cloudfoundry-incubator.github.io/bits-service-release/helm
  version: 2.37.0
digest: sha256:8a51416695972d573c77578bf79209a6313d305de677dce998e7aaf18870c571
generated: "2020-04-23T18:22:33.689637339+03:00"
