dependencies:
- name: eirini
  repository: http://opensource.suse.com/eirini-release/
  version: 1.0.2
- name: bits
  repository: http://opensource.suse.com/bits-service-release/
  version: 1.0.14
- name: eirini-extensions
  repository: https://opensource.suse.com/eirinix-helm-release/
  version: '0.0.0-9+g6b37279'
digest: sha256:8f523da4056508c11c6a17d789e6fd8920d60df3be930332b6bdf2bbf9ce339e
generated: "2020-05-06T05:35:40.116133371+03:00"
